
Microsoft Visual Studio Solution File, Format Version 12.00
# Visual Studio Version 17
VisualStudioVersion = 17.3.32929.385
MinimumVisualStudioVersion = 10.0.40219.1
Project("{FAE04EC0-301F-11D3-BF4B-00C04F79EFBC}") = "TravelTripProje", "TravelTripProje\TravelTripProje.csproj", "{5217C3C5-C1FA-4DCB-8FBE-0E7C81121D4A}"
EndProject
Global
	GlobalSection(SolutionConfigurationPlatforms) = preSolution
		Debug|Any CPU = Debug|Any CPU
		Release|Any CPU = Release|Any CPU
	EndGlobalSection
	GlobalSection(ProjectConfigurationPlatforms) = postSolution
		{5217C3C5-C1FA-4DCB-8FBE-0E7C81121D4A}.Debug|Any CPU.ActiveCfg = Debug|Any CPU
		{5217C3C5-C1FA-4DCB-8FBE-0E7C81121D4A}.Debug|Any CPU.Build.0 = Debug|Any CPU
		{5217C3C5-C1FA-4DCB-8FBE-0E7C81121D4A}.Release|Any CPU.ActiveCfg = Release|Any CPU
		{5217C3C5-C1FA-4DCB-8FBE-0E7C81121D4A}.Release|Any CPU.Build.0 = Release|Any CPU
	EndGlobalSection
	GlobalSection(SolutionProperties) = preSolution
		HideSolutionNode = FALSE
	EndGlobalSection
	GlobalSection(ExtensibilityGlobals) = postSolution
		SolutionGuid = {6184121A-31AA-4B4C-9516-B7A1E6E3A28C}
	EndGlobalSection
EndGlobal
